
Microsoft Visual Studio Solution File, Format Version 12.00
# Visual Studio 15
VisualStudioVersion = 15.0.28307.705
MinimumVisualStudioVersion = 10.0.40219.1
Project("{FAE04EC0-301F-11D3-BF4B-00C04F79EFBC}") = "NichiOnlineTest.API", "NichiOnlineTest.API\NichiOnlineTest.API.csproj", "{ECE17219-EC6E-4754-B6F7-94DFE68F12A7}"
EndProject
Project("{FAE04EC0-301F-11D3-BF4B-00C04F79EFBC}") = "NichiOnlineTest.Core", "NichiOnlineTest.Core\NichiOnlineTest.Core.csproj", "{686FF0B8-55EB-40F1-B230-59BB5D42EAA7}"
EndProject
Project("{FAE04EC0-301F-11D3-BF4B-00C04F79EFBC}") = "NichiOnlineTest.Common", "NichiOnlineTest.Common\NichiOnlineTest.Common.csproj", "{4A7AFB8C-465C-4622-870F-79DF099502C4}"
EndProject
Project("{FAE04EC0-301F-11D3-BF4B-00C04F79EFBC}") = "NichiOnlineTest.View", "NichiOnlineTest.View\NichiOnlineTest.View.csproj", "{6CBFCA7E-57A2-43C8-89C7-97C3DB32BF51}"
EndProject
Global
	GlobalSection(SolutionConfigurationPlatforms) = preSolution
		Debug|Any CPU = Debug|Any CPU
		Release|Any CPU = Release|Any CPU
	EndGlobalSection
	GlobalSection(ProjectConfigurationPlatforms) = postSolution
		{ECE17219-EC6E-4754-B6F7-94DFE68F12A7}.Debug|Any CPU.ActiveCfg = Debug|Any CPU
		{ECE17219-EC6E-4754-B6F7-94DFE68F12A7}.Debug|Any CPU.Build.0 = Debug|Any CPU
		{ECE17219-EC6E-4754-B6F7-94DFE68F12A7}.Release|Any CPU.ActiveCfg = Release|Any CPU
		{ECE17219-EC6E-4754-B6F7-94DFE68F12A7}.Release|Any CPU.Build.0 = Release|Any CPU
		{686FF0B8-55EB-40F1-B230-59BB5D42EAA7}.Debug|Any CPU.ActiveCfg = Debug|Any CPU
		{686FF0B8-55EB-40F1-B230-59BB5D42EAA7}.Debug|Any CPU.Build.0 = Debug|Any CPU
		{686FF0B8-55EB-40F1-B230-59BB5D42EAA7}.Release|Any CPU.ActiveCfg = Release|Any CPU
		{686FF0B8-55EB-40F1-B230-59BB5D42EAA7}.Release|Any CPU.Build.0 = Release|Any CPU
		{4A7AFB8C-465C-4622-870F-79DF099502C4}.Debug|Any CPU.ActiveCfg = Debug|Any CPU
		{4A7AFB8C-465C-4622-870F-79DF099502C4}.Debug|Any CPU.Build.0 = Debug|Any CPU
		{4A7AFB8C-465C-4622-870F-79DF099502C4}.Release|Any CPU.ActiveCfg = Release|Any CPU
		{4A7AFB8C-465C-4622-870F-79DF099502C4}.Release|Any CPU.Build.0 = Release|Any CPU
		{6CBFCA7E-57A2-43C8-89C7-97C3DB32BF51}.Debug|Any CPU.ActiveCfg = Debug|Any CPU
		{6CBFCA7E-57A2-43C8-89C7-97C3DB32BF51}.Debug|Any CPU.Build.0 = Debug|Any CPU
		{6CBFCA7E-57A2-43C8-89C7-97C3DB32BF51}.Release|Any CPU.ActiveCfg = Release|Any CPU
		{6CBFCA7E-57A2-43C8-89C7-97C3DB32BF51}.Release|Any CPU.Build.0 = Release|Any CPU
	EndGlobalSection
	GlobalSection(SolutionProperties) = preSolution
		HideSolutionNode = FALSE
	EndGlobalSection
	GlobalSection(ExtensibilityGlobals) = postSolution
		SolutionGuid = {CDF92A28-E7AF-4576-B9E1-4AF89E233776}
	EndGlobalSection
EndGlobal
